lockfileVersion: 5.3

specifiers:
  '@rollup/plugin-alias': ^3.1.9
  rollup: ^2.79.0

dependencies:
  '@rollup/plugin-alias': 3.1.9_rollup@2.79.0
  rollup: 2.79.0

packages:

  /@rollup/plugin-alias/3.1.9_rollup@2.79.0:
    resolution: {integrity: sha512-QI5fsEvm9bDzt32k39wpOwZhVzRcL5ydcffUHMyLVaVaLeC70I8TJZ17F1z1eMoLu4E/UOcH9BWVkKpIKdrfiw==}
    engines: {node: '>=8.0.0'}
    peerDependencies:
      rollup: ^1.20.0||^2.0.0
    dependencies:
      rollup: 2.79.0
      slash: 3.0.0
    dev: false

  /fsevents/2.3.2:
    resolution: {integrity: sha512-xiqMQR4xAeHTuB9uWm+fFRcIOgKBMiOBP+eXiyT7jsgVCq1bkVygt00oASowB7EdtpOHaaPgKt812P9ab+DDKA==}
    engines: {node: ^8.16.0 || ^10.6.0 || >=11.0.0}
    os: [darwin]
    requiresBuild: true
    dev: false
    optional: true

  /rollup/2.79.0:
    resolution: {integrity: sha512-x4KsrCgwQ7ZJPcFA/SUu6QVcYlO7uRLfLAy0DSA4NS2eG8japdbpM50ToH7z4iObodRYOJ0soneF0iaQRJ6zhA==}
    engines: {node: '>=10.0.0'}
    hasBin: true
    optionalDependencies:
      fsevents: 2.3.2
    dev: false

  /slash/3.0.0:
    resolution: {integrity: sha512-g9Q1haeby36OSStwb4ntCGGGaKsaVSjQ68fBxoQcutl5fS1vuY18H3wSt3jFyFtrkx+Kz0V1G85A4MyAdDMi2Q==}
    engines: {node: '>=8'}
    dev: false
