# THIS IS AN AUTOGENERATED FILE. DO NOT EDIT THIS FILE DIRECTLY.
# yarn lockfile v1


"@nx-js/observer-util@^4.2.2":
  version "4.2.2"
  resolved "https://registry.npmmirror.com/@nx-js/observer-util/-/observer-util-4.2.2.tgz#faea1bc61936653486d1b5dec7485220991e628d"
  integrity sha512-9OayX1xkdGjdnsDiO2YdaYJ6aMyCF7/NY4QWVgIgjSAZJ4OX2fD766Ts79hEzBscenQy2DCaSoY8VkguIMB1ZA==
